Microsoft Visual Studio Solution File, Format Version 12.00
# Visual Studio Version 17
VisualStudioVersion = 17.12.35707.178
MinimumVisualStudioVersion = 10.0.40219.1
Project("{FAE04EC0-301F-11D3-BF4B-00C04F79EFBC}") = "Z1APIService.ApiService", "Src\Z1APIService.ApiService\Z1APIService.ApiService.csproj", "{2D091ACF-A957-47A1-AB99-3791E68AD04A}"
EndProject
Project("{FAE04EC0-301F-11D3-BF4B-00C04F79EFBC}") = "Z1APIService.AppHost", "Src\Z1APIService.AppHost\Z1APIService.AppHost.csproj", "{800FB27E-4F52-43B9-B348-381702E18653}"
EndProject
Project("{FAE04EC0-301F-11D3-BF4B-00C04F79EFBC}") = "Z1APIService.ServiceDefaults", "Src\Z1APIService.ServiceDefaults\Z1APIService.ServiceDefaults.csproj", "{CB0D2F68-1EB8-43C2-A68F-CBC3F7BAD05F}"
EndProject
Project("{2150E333-8FDC-42A3-9474-1A3956D46DE8}") = "src", "src", "{07FBB1FD-D090-4653-8B1D-2B33831F7B3B}"
EndProject
Project("{2150E333-8FDC-42A3-9474-1A3956D46DE8}") = "Solution Items", "Solution Items", "{3A875FE6-596E-487D-A297-C7503E95908E}"
	ProjectSection(SolutionItems) = preProject
		migrations.bat = migrations.bat
	EndProjectSection
EndProject
Project("{2150E333-8FDC-42A3-9474-1A3956D46DE8}") = "EntityFramework", "EntityFramework", "{D5D3B299-66DF-444C-BDA1-D52B201853BA}"
EndProject
Project("{FAE04EC0-301F-11D3-BF4B-00C04F79EFBC}") = "EntityFramework.Sqlite", "Src\EntityFramework\EntityFramework.Sqlite\EntityFramework.Sqlite.csproj", "{567A8DE0-F11D-447E-908B-5C4162238B2E}"
EndProject
Project("{FAE04EC0-301F-11D3-BF4B-00C04F79EFBC}") = "Z1.Core", "Src\Z1.Core\Z1.Core.csproj", "{369D20F4-7A70-4976-909A-5B46FF01E48B}"
EndProject
Global
	GlobalSection(SolutionConfigurationPlatforms) = preSolution
		Debug|Any CPU = Debug|Any CPU
		Release|Any CPU = Release|Any CPU
	EndGlobalSection
	GlobalSection(ProjectConfigurationPlatforms) = postSolution
		{2D091ACF-A957-47A1-AB99-3791E68AD04A}.Debug|Any CPU.ActiveCfg = Debug|Any CPU
		{2D091ACF-A957-47A1-AB99-3791E68AD04A}.Debug|Any CPU.Build.0 = Debug|Any CPU
		{2D091ACF-A957-47A1-AB99-3791E68AD04A}.Release|Any CPU.ActiveCfg = Release|Any CPU
		{2D091ACF-A957-47A1-AB99-3791E68AD04A}.Release|Any CPU.Build.0 = Release|Any CPU
		{800FB27E-4F52-43B9-B348-381702E18653}.Debug|Any CPU.ActiveCfg = Debug|Any CPU
		{800FB27E-4F52-43B9-B348-381702E18653}.Debug|Any CPU.Build.0 = Debug|Any CPU
		{800FB27E-4F52-43B9-B348-381702E18653}.Release|Any CPU.ActiveCfg = Release|Any CPU
		{800FB27E-4F52-43B9-B348-381702E18653}.Release|Any CPU.Build.0 = Release|Any CPU
		{CB0D2F68-1EB8-43C2-A68F-CBC3F7BAD05F}.Debug|Any CPU.ActiveCfg = Debug|Any CPU
		{CB0D2F68-1EB8-43C2-A68F-CBC3F7BAD05F}.Debug|Any CPU.Build.0 = Debug|Any CPU
		{CB0D2F68-1EB8-43C2-A68F-CBC3F7BAD05F}.Release|Any CPU.ActiveCfg = Release|Any CPU
		{CB0D2F68-1EB8-43C2-A68F-CBC3F7BAD05F}.Release|Any CPU.Build.0 = Release|Any CPU
		{567A8DE0-F11D-447E-908B-5C4162238B2E}.Debug|Any CPU.ActiveCfg = Debug|Any CPU
		{567A8DE0-F11D-447E-908B-5C4162238B2E}.Debug|Any CPU.Build.0 = Debug|Any CPU
		{567A8DE0-F11D-447E-908B-5C4162238B2E}.Release|Any CPU.ActiveCfg = Release|Any CPU
		{567A8DE0-F11D-447E-908B-5C4162238B2E}.Release|Any CPU.Build.0 = Release|Any CPU
		{369D20F4-7A70-4976-909A-5B46FF01E48B}.Debug|Any CPU.ActiveCfg = Debug|Any CPU
		{369D20F4-7A70-4976-909A-5B46FF01E48B}.Debug|Any CPU.Build.0 = Debug|Any CPU
		{369D20F4-7A70-4976-909A-5B46FF01E48B}.Release|Any CPU.ActiveCfg = Release|Any CPU
		{369D20F4-7A70-4976-909A-5B46FF01E48B}.Release|Any CPU.Build.0 = Release|Any CPU
	EndGlobalSection
	GlobalSection(SolutionProperties) = preSolution
		HideSolutionNode = FALSE
	EndGlobalSection
	GlobalSection(NestedProjects) = preSolution
		{2D091ACF-A957-47A1-AB99-3791E68AD04A} = {07FBB1FD-D090-4653-8B1D-2B33831F7B3B}
		{800FB27E-4F52-43B9-B348-381702E18653} = {07FBB1FD-D090-4653-8B1D-2B33831F7B3B}
		{CB0D2F68-1EB8-43C2-A68F-CBC3F7BAD05F} = {07FBB1FD-D090-4653-8B1D-2B33831F7B3B}
		{D5D3B299-66DF-444C-BDA1-D52B201853BA} = {07FBB1FD-D090-4653-8B1D-2B33831F7B3B}
		{567A8DE0-F11D-447E-908B-5C4162238B2E} = {D5D3B299-66DF-444C-BDA1-D52B201853BA}
		{369D20F4-7A70-4976-909A-5B46FF01E48B} = {07FBB1FD-D090-4653-8B1D-2B33831F7B3B}
	EndGlobalSection
EndGlobal
